{
  "name": "pactium",
  "version": "0.5.0",
  "lockfileVersion": 3,
  "requires": true,
  "packages": {
    "": {
      "name": "pactium",
      "version": "0.5.0",
      "license": "GPL-3.0-or-later",
      "bin": {
        "pactium": "bin/pactium.mjs"
      },
      "engines": {
        "node": "^22.0.0 || ^24.0.0"
      },
      "funding": {
        "type": "github",
        "url": "https://github.com/sponsors/Unka-Malloc"
      }
    }
  }
}
